PackratFormat: 1.4
PackratVersion: 0.4.2.1
RVersion: 3.1.2
Repos: CRAN=http://cran.rstudio.com

Package: intervals
Source: CRAN
Version: 0.15.0

Package: maptools
Source: CRAN
Version: 0.8-30
Requires: sp

Package: packrat
Source: CRAN
Version: 0.4.2-1
Hash: 085f944cec9b56e8a280222b5174c76e

Package: plotGoogleMaps
Source: CRAN
Version: 2.1
Requires: maptools, raster, rgdal, sp, spacetime
Hash: e485220c1f8f12c3bc639f791ddc884b

Package: raster
Source: CRAN
Version: 2.3-12
Requires: sp

Package: rgdal
Source: CRAN
Version: 0.9-1
Requires: sp
Hash: 37c635fde819a572a153bb22535ab5f0

Package: sp
Source: CRAN
Version: 1.0-17
Hash: 29bd0f1fc6cba0edf00eafe2b5b8e9d0

Package: spacetime
Source: CRAN
Version: 1.1-2
Requires: intervals, sp, xts, zoo
Hash: b96604d26891cf9e53ad3464067624cd

Package: xts
Source: CRAN
Version: 0.9-7
Requires: zoo
Hash: be4b6faab98ec342c7aa497a903d7b43

Package: zoo
Source: CRAN
Version: 1.7-11
